
Microsoft Visual Studio Solution File, Format Version 12.00
# Visual Studio Version 16
VisualStudioVersion = 16.0.31624.102
MinimumVisualStudioVersion = 10.0.40219.1
Project("{FAE04EC0-301F-11D3-BF4B-00C04F79EFBC}") = "prog2001-A5", "prog2001-A5\prog2001-A5.csproj", "{C69F9E25-EE50-44FE-9F27-9BE19387E8CB}"
EndProject
Global
	GlobalSection(SolutionConfigurationPlatforms) = preSolution
		Debug|Any CPU = Debug|Any CPU
		Release|Any CPU = Release|Any CPU
	EndGlobalSection
	GlobalSection(ProjectConfigurationPlatforms) = postSolution
		{C69F9E25-EE50-44FE-9F27-9BE19387E8CB}.Debug|Any CPU.ActiveCfg = Debug|Any CPU
		{C69F9E25-EE50-44FE-9F27-9BE19387E8CB}.Debug|Any CPU.Build.0 = Debug|Any CPU
		{C69F9E25-EE50-44FE-9F27-9BE19387E8CB}.Release|Any CPU.ActiveCfg = Release|Any CPU
		{C69F9E25-EE50-44FE-9F27-9BE19387E8CB}.Release|Any CPU.Build.0 = Release|Any CPU
	EndGlobalSection
	GlobalSection(SolutionProperties) = preSolution
		HideSolutionNode = FALSE
	EndGlobalSection
	GlobalSection(ExtensibilityGlobals) = postSolution
		SolutionGuid = {F8A5CD0D-C73E-45C5-AE17-E2EDE698381D}
	EndGlobalSection
EndGlobal
